PODS:
  - FBSnapshotTestCase (1.7)
  - XBPushNotification (0.1.0)

DEPENDENCIES:
  - FBSnapshotTestCase
  - XBPushNotification (from `../`)

EXTERNAL SOURCES:
  XBPushNotification:
    :path: ../

SPEC CHECKSUMS:
  FBSnapshotTestCase: 1eea5145c1f2fa907812ab92e1d6063a8d809b4e
  XBPushNotification: 4b2b609743ae515a5bfd01655d8a45386d88fd3e

COCOAPODS: 0.34.4
